
Microsoft Visual Studio Solution File, Format Version 12.00
# Visual Studio Version 17
VisualStudioVersion = 17.14.36221.1 d17.14
MinimumVisualStudioVersion = 10.0.40219.1
Project("{FAE04EC0-301F-11D3-BF4B-00C04F79EFBC}") = "PedidosBackNet", "PedidosBackNet\PedidosBackNet.csproj", "{9628B4F0-0EA2-4494-A2A9-C5E760564D98}"
EndProject
Project("{FAE04EC0-301F-11D3-BF4B-00C04F79EFBC}") = "PedidosBackNet.LN", "PedidosBackNet.LN\PedidosBackNet.LN.csproj", "{A8F18839-6E51-42BC-9099-2E5F754D036B}"
EndProject
Project("{FAE04EC0-301F-11D3-BF4B-00C04F79EFBC}") = "PedidosBackNet.EN", "PedidosBackNet.EN\PedidosBackNet.EN.csproj", "{D7A273C9-9EB4-489C-AF68-2AF569E0F562}"
EndProject
Project("{FAE04EC0-301F-11D3-BF4B-00C04F79EFBC}") = "PedidosBackNet.AD", "PedidosBackNet.AD\PedidosBackNet.AD.csproj", "{623A1CE9-7841-468D-8FB6-09AAE08D8194}"
EndProject
Project("{FAE04EC0-301F-11D3-BF4B-00C04F79EFBC}") = "PedidosBackNet.SV", "PedidosBackNet.SV\PedidosBackNet.SV.csproj", "{26526B45-8A91-4234-88AE-D338A42578D7}"
EndProject
Global
	GlobalSection(SolutionConfigurationPlatforms) = preSolution
		Debug|Any CPU = Debug|Any CPU
		Release|Any CPU = Release|Any CPU
	EndGlobalSection
	GlobalSection(ProjectConfigurationPlatforms) = postSolution
		{9628B4F0-0EA2-4494-A2A9-C5E760564D98}.Debug|Any CPU.ActiveCfg = Debug|Any CPU
		{9628B4F0-0EA2-4494-A2A9-C5E760564D98}.Debug|Any CPU.Build.0 = Debug|Any CPU
		{9628B4F0-0EA2-4494-A2A9-C5E760564D98}.Release|Any CPU.ActiveCfg = Release|Any CPU
		{9628B4F0-0EA2-4494-A2A9-C5E760564D98}.Release|Any CPU.Build.0 = Release|Any CPU
		{A8F18839-6E51-42BC-9099-2E5F754D036B}.Debug|Any CPU.ActiveCfg = Debug|Any CPU
		{A8F18839-6E51-42BC-9099-2E5F754D036B}.Debug|Any CPU.Build.0 = Debug|Any CPU
		{A8F18839-6E51-42BC-9099-2E5F754D036B}.Release|Any CPU.ActiveCfg = Release|Any CPU
		{A8F18839-6E51-42BC-9099-2E5F754D036B}.Release|Any CPU.Build.0 = Release|Any CPU
		{D7A273C9-9EB4-489C-AF68-2AF569E0F562}.Debug|Any CPU.ActiveCfg = Debug|Any CPU
		{D7A273C9-9EB4-489C-AF68-2AF569E0F562}.Debug|Any CPU.Build.0 = Debug|Any CPU
		{D7A273C9-9EB4-489C-AF68-2AF569E0F562}.Release|Any CPU.ActiveCfg = Release|Any CPU
		{D7A273C9-9EB4-489C-AF68-2AF569E0F562}.Release|Any CPU.Build.0 = Release|Any CPU
		{623A1CE9-7841-468D-8FB6-09AAE08D8194}.Debug|Any CPU.ActiveCfg = Debug|Any CPU
		{623A1CE9-7841-468D-8FB6-09AAE08D8194}.Debug|Any CPU.Build.0 = Debug|Any CPU
		{623A1CE9-7841-468D-8FB6-09AAE08D8194}.Release|Any CPU.ActiveCfg = Release|Any CPU
		{623A1CE9-7841-468D-8FB6-09AAE08D8194}.Release|Any CPU.Build.0 = Release|Any CPU
		{26526B45-8A91-4234-88AE-D338A42578D7}.Debug|Any CPU.ActiveCfg = Debug|Any CPU
		{26526B45-8A91-4234-88AE-D338A42578D7}.Debug|Any CPU.Build.0 = Debug|Any CPU
		{26526B45-8A91-4234-88AE-D338A42578D7}.Release|Any CPU.ActiveCfg = Release|Any CPU
		{26526B45-8A91-4234-88AE-D338A42578D7}.Release|Any CPU.Build.0 = Release|Any CPU
	EndGlobalSection
	GlobalSection(SolutionProperties) = preSolution
		HideSolutionNode = FALSE
	EndGlobalSection
	GlobalSection(ExtensibilityGlobals) = postSolution
		SolutionGuid = {F1AD96D7-7AD5-4CBB-BD4E-2CE6C0644216}
	EndGlobalSection
EndGlobal
